
Microsoft Visual Studio Solution File, Format Version 12.00
# Visual Studio Version 16
VisualStudioVersion = 16.0.30114.105
MinimumVisualStudioVersion = 10.0.40219.1
Project("{FAE04EC0-301F-11D3-BF4B-00C04F79EFBC}") = "OP2UtilityDotNet", "OP2UtilityDotNet\OP2UtilityDotNet.csproj", "{B338C9B8-E5E9-4557-BF59-A978B4C49F1C}"
EndProject
Global
	GlobalSection(SolutionConfigurationPlatforms) = preSolution
		Debug|Any CPU = Debug|Any CPU
		Release|Any CPU = Release|Any CPU
	EndGlobalSection
	GlobalSection(ProjectConfigurationPlatforms) = postSolution
		{B338C9B8-E5E9-4557-BF59-A978B4C49F1C}.Debug|Any CPU.ActiveCfg = Debug|Any CPU
		{B338C9B8-E5E9-4557-BF59-A978B4C49F1C}.Debug|Any CPU.Build.0 = Debug|Any CPU
		{B338C9B8-E5E9-4557-BF59-A978B4C49F1C}.Release|Any CPU.ActiveCfg = Release|Any CPU
		{B338C9B8-E5E9-4557-BF59-A978B4C49F1C}.Release|Any CPU.Build.0 = Release|Any CPU
	EndGlobalSection
	GlobalSection(SolutionProperties) = preSolution
		HideSolutionNode = FALSE
	EndGlobalSection
	GlobalSection(ExtensibilityGlobals) = postSolution
		SolutionGuid = {CD480628-370B-400F-B7CC-F4673518398E}
	EndGlobalSection
EndGlobal
