
Microsoft Visual Studio Solution File, Format Version 12.00
# Visual Studio Version 16
VisualStudioVersion = 16.0.30011.22
MinimumVisualStudioVersion = 10.0.40219.1
Project("{8BC9CEB8-8B4A-11D0-8D11-00A0C91BC942}") = "OP2UtilityForC", "OP2UtilityForC\OP2UtilityForC.vcxproj", "{F3F416AC-34CE-436D-86CF-2E7056402F20}"
EndProject
Project("{8BC9CEB8-8B4A-11D0-8D11-00A0C91BC942}") = "OP2Utility", "OP2Utility\OP2Utility.vcxproj", "{980D53D9-F9E2-4682-9307-1303C9E42313}"
EndProject
Project("{9A19103F-16F7-4668-BE54-9A1E7A4F7556}") = "OP2UtilityDotNet", "OP2UtilityDotNet\OP2UtilityDotNet.csproj", "{DBE33BC6-CE87-4415-81DA-407102B89823}"
EndProject
Project("{8BC9CEB8-8B4A-11D0-8D11-00A0C91BC942}") = "OP2UtilityForCLinux", "OP2UtilityForCLinux\OP2UtilityForCLinux.vcxproj", "{09E03FB4-7DF8-44EC-A77C-C03BD2E7A5F3}"
EndProject
Global
	GlobalSection(SolutionConfigurationPlatforms) = preSolution
		Debug|Any CPU = Debug|Any CPU
		Debug|ARM = Debug|ARM
		Debug|ARM64 = Debug|ARM64
		Debug|x64 = Debug|x64
		Debug|x86 = Debug|x86
		Release|Any CPU = Release|Any CPU
		Release|ARM = Release|ARM
		Release|ARM64 = Release|ARM64
		Release|x64 = Release|x64
		Release|x86 = Release|x86
	EndGlobalSection
	GlobalSection(ProjectConfigurationPlatforms) = postSolution
		{F3F416AC-34CE-436D-86CF-2E7056402F20}.Debug|Any CPU.ActiveCfg = Debug|Win32
		{F3F416AC-34CE-436D-86CF-2E7056402F20}.Debug|ARM.ActiveCfg = Debug|Win32
		{F3F416AC-34CE-436D-86CF-2E7056402F20}.Debug|ARM64.ActiveCfg = Debug|Win32
		{F3F416AC-34CE-436D-86CF-2E7056402F20}.Debug|x64.ActiveCfg = Debug|x64
		{F3F416AC-34CE-436D-86CF-2E7056402F20}.Debug|x64.Build.0 = Debug|x64
		{F3F416AC-34CE-436D-86CF-2E7056402F20}.Debug|x86.ActiveCfg = Debug|Win32
		{F3F416AC-34CE-436D-86CF-2E7056402F20}.Debug|x86.Build.0 = Debug|Win32
		{F3F416AC-34CE-436D-86CF-2E7056402F20}.Release|Any CPU.ActiveCfg = Release|Win32
		{F3F416AC-34CE-436D-86CF-2E7056402F20}.Release|ARM.ActiveCfg = Release|Win32
		{F3F416AC-34CE-436D-86CF-2E7056402F20}.Release|ARM64.ActiveCfg = Release|Win32
		{F3F416AC-34CE-436D-86CF-2E7056402F20}.Release|x64.ActiveCfg = Release|x64
		{F3F416AC-34CE-436D-86CF-2E7056402F20}.Release|x64.Build.0 = Release|x64
		{F3F416AC-34CE-436D-86CF-2E7056402F20}.Release|x86.ActiveCfg = Release|Win32
		{F3F416AC-34CE-436D-86CF-2E7056402F20}.Release|x86.Build.0 = Release|Win32
		{980D53D9-F9E2-4682-9307-1303C9E42313}.Debug|Any CPU.ActiveCfg = Debug|Win32
		{980D53D9-F9E2-4682-9307-1303C9E42313}.Debug|ARM.ActiveCfg = Debug|Win32
		{980D53D9-F9E2-4682-9307-1303C9E42313}.Debug|ARM64.ActiveCfg = Debug|Win32
		{980D53D9-F9E2-4682-9307-1303C9E42313}.Debug|x64.ActiveCfg = Debug|x64
		{980D53D9-F9E2-4682-9307-1303C9E42313}.Debug|x64.Build.0 = Debug|x64
		{980D53D9-F9E2-4682-9307-1303C9E42313}.Debug|x86.ActiveCfg = Debug|Win32
		{980D53D9-F9E2-4682-9307-1303C9E42313}.Debug|x86.Build.0 = Debug|Win32
		{980D53D9-F9E2-4682-9307-1303C9E42313}.Release|Any CPU.ActiveCfg = Release|Win32
		{980D53D9-F9E2-4682-9307-1303C9E42313}.Release|ARM.ActiveCfg = Release|Win32
		{980D53D9-F9E2-4682-9307-1303C9E42313}.Release|ARM64.ActiveCfg = Release|Win32
		{980D53D9-F9E2-4682-9307-1303C9E42313}.Release|x64.ActiveCfg = Release|x64
		{980D53D9-F9E2-4682-9307-1303C9E42313}.Release|x64.Build.0 = Release|x64
		{980D53D9-F9E2-4682-9307-1303C9E42313}.Release|x86.ActiveCfg = Release|Win32
		{980D53D9-F9E2-4682-9307-1303C9E42313}.Release|x86.Build.0 = Release|Win32
		{DBE33BC6-CE87-4415-81DA-407102B89823}.Debug|Any CPU.ActiveCfg = Debug|Any CPU
		{DBE33BC6-CE87-4415-81DA-407102B89823}.Debug|Any CPU.Build.0 = Debug|Any CPU
		{DBE33BC6-CE87-4415-81DA-407102B89823}.Debug|ARM.ActiveCfg = Debug|Any CPU
		{DBE33BC6-CE87-4415-81DA-407102B89823}.Debug|ARM.Build.0 = Debug|Any CPU
		{DBE33BC6-CE87-4415-81DA-407102B89823}.Debug|ARM64.ActiveCfg = Debug|Any CPU
		{DBE33BC6-CE87-4415-81DA-407102B89823}.Debug|ARM64.Build.0 = Debug|Any CPU
		{DBE33BC6-CE87-4415-81DA-407102B89823}.Debug|x64.ActiveCfg = Debug|Any CPU
		{DBE33BC6-CE87-4415-81DA-407102B89823}.Debug|x64.Build.0 = Debug|Any CPU
		{DBE33BC6-CE87-4415-81DA-407102B89823}.Debug|x86.ActiveCfg = Debug|Any CPU
		{DBE33BC6-CE87-4415-81DA-407102B89823}.Debug|x86.Build.0 = Debug|Any CPU
		{DBE33BC6-CE87-4415-81DA-407102B89823}.Release|Any CPU.ActiveCfg = Release|Any CPU
		{DBE33BC6-CE87-4415-81DA-407102B89823}.Release|Any CPU.Build.0 = Release|Any CPU
		{DBE33BC6-CE87-4415-81DA-407102B89823}.Release|ARM.ActiveCfg = Release|Any CPU
		{DBE33BC6-CE87-4415-81DA-407102B89823}.Release|ARM.Build.0 = Release|Any CPU
		{DBE33BC6-CE87-4415-81DA-407102B89823}.Release|ARM64.ActiveCfg = Release|Any CPU
		{DBE33BC6-CE87-4415-81DA-407102B89823}.Release|ARM64.Build.0 = Release|Any CPU
		{DBE33BC6-CE87-4415-81DA-407102B89823}.Release|x64.ActiveCfg = Release|Any CPU
		{DBE33BC6-CE87-4415-81DA-407102B89823}.Release|x64.Build.0 = Release|Any CPU
		{DBE33BC6-CE87-4415-81DA-407102B89823}.Release|x86.ActiveCfg = Release|Any CPU
		{DBE33BC6-CE87-4415-81DA-407102B89823}.Release|x86.Build.0 = Release|Any CPU
		{09E03FB4-7DF8-44EC-A77C-C03BD2E7A5F3}.Debug|Any CPU.ActiveCfg = Debug|x86
		{09E03FB4-7DF8-44EC-A77C-C03BD2E7A5F3}.Debug|ARM.ActiveCfg = Debug|ARM
		{09E03FB4-7DF8-44EC-A77C-C03BD2E7A5F3}.Debug|ARM.Build.0 = Debug|ARM
		{09E03FB4-7DF8-44EC-A77C-C03BD2E7A5F3}.Debug|ARM.Deploy.0 = Debug|ARM
		{09E03FB4-7DF8-44EC-A77C-C03BD2E7A5F3}.Debug|ARM64.ActiveCfg = Debug|ARM64
		{09E03FB4-7DF8-44EC-A77C-C03BD2E7A5F3}.Debug|ARM64.Build.0 = Debug|ARM64
		{09E03FB4-7DF8-44EC-A77C-C03BD2E7A5F3}.Debug|ARM64.Deploy.0 = Debug|ARM64
		{09E03FB4-7DF8-44EC-A77C-C03BD2E7A5F3}.Debug|x64.ActiveCfg = Debug|x64
		{09E03FB4-7DF8-44EC-A77C-C03BD2E7A5F3}.Debug|x64.Build.0 = Debug|x64
		{09E03FB4-7DF8-44EC-A77C-C03BD2E7A5F3}.Debug|x64.Deploy.0 = Debug|x64
		{09E03FB4-7DF8-44EC-A77C-C03BD2E7A5F3}.Debug|x86.ActiveCfg = Debug|x86
		{09E03FB4-7DF8-44EC-A77C-C03BD2E7A5F3}.Debug|x86.Build.0 = Debug|x86
		{09E03FB4-7DF8-44EC-A77C-C03BD2E7A5F3}.Debug|x86.Deploy.0 = Debug|x86
		{09E03FB4-7DF8-44EC-A77C-C03BD2E7A5F3}.Release|Any CPU.ActiveCfg = Release|x86
		{09E03FB4-7DF8-44EC-A77C-C03BD2E7A5F3}.Release|ARM.ActiveCfg = Release|ARM
		{09E03FB4-7DF8-44EC-A77C-C03BD2E7A5F3}.Release|ARM.Build.0 = Release|ARM
		{09E03FB4-7DF8-44EC-A77C-C03BD2E7A5F3}.Release|ARM.Deploy.0 = Release|ARM
		{09E03FB4-7DF8-44EC-A77C-C03BD2E7A5F3}.Release|ARM64.ActiveCfg = Release|ARM64
		{09E03FB4-7DF8-44EC-A77C-C03BD2E7A5F3}.Release|ARM64.Build.0 = Release|ARM64
		{09E03FB4-7DF8-44EC-A77C-C03BD2E7A5F3}.Release|ARM64.Deploy.0 = Release|ARM64
		{09E03FB4-7DF8-44EC-A77C-C03BD2E7A5F3}.Release|x64.ActiveCfg = Release|x64
		{09E03FB4-7DF8-44EC-A77C-C03BD2E7A5F3}.Release|x64.Build.0 = Release|x64
		{09E03FB4-7DF8-44EC-A77C-C03BD2E7A5F3}.Release|x64.Deploy.0 = Release|x64
		{09E03FB4-7DF8-44EC-A77C-C03BD2E7A5F3}.Release|x86.ActiveCfg = Release|x86
		{09E03FB4-7DF8-44EC-A77C-C03BD2E7A5F3}.Release|x86.Build.0 = Release|x86
		{09E03FB4-7DF8-44EC-A77C-C03BD2E7A5F3}.Release|x86.Deploy.0 = Release|x86
	EndGlobalSection
	GlobalSection(SolutionProperties) = preSolution
		HideSolutionNode = FALSE
	EndGlobalSection
	GlobalSection(ExtensibilityGlobals) = postSolution
		SolutionGuid = {E5335B28-405E-4FD2-BF36-9F5F0B20EB32}
	EndGlobalSection
EndGlobal
